
Microsoft Visual Studio Solution File, Format Version 12.00
# Visual Studio Version 17
VisualStudioVersion = 17.10.35013.160
MinimumVisualStudioVersion = 10.0.40219.1
Project("{FAE04EC0-301F-11D3-BF4B-00C04F79EFBC}") = "SportsStore", "SportsStore.csproj", "{D78B507E-B489-46D2-98FB-251128BA5A4D}"
EndProject
Project("{FAE04EC0-301F-11D3-BF4B-00C04F79EFBC}") = "SportsStore.Tests", "..\SportsStore.Tests\SportsStore.Tests.csproj", "{6159355A-C3A3-4CE9-A7E7-B1D1323F44C4}"
EndProject
Global
	GlobalSection(SolutionConfigurationPlatforms) = preSolution
		Debug|Any CPU = Debug|Any CPU
		Release|Any CPU = Release|Any CPU
	EndGlobalSection
	GlobalSection(ProjectConfigurationPlatforms) = postSolution
		{D78B507E-B489-46D2-98FB-251128BA5A4D}.Debug|Any CPU.ActiveCfg = Debug|Any CPU
		{D78B507E-B489-46D2-98FB-251128BA5A4D}.Debug|Any CPU.Build.0 = Debug|Any CPU
		{D78B507E-B489-46D2-98FB-251128BA5A4D}.Release|Any CPU.ActiveCfg = Release|Any CPU
		{D78B507E-B489-46D2-98FB-251128BA5A4D}.Release|Any CPU.Build.0 = Release|Any CPU
		{6159355A-C3A3-4CE9-A7E7-B1D1323F44C4}.Debug|Any CPU.ActiveCfg = Debug|Any CPU
		{6159355A-C3A3-4CE9-A7E7-B1D1323F44C4}.Debug|Any CPU.Build.0 = Debug|Any CPU
		{6159355A-C3A3-4CE9-A7E7-B1D1323F44C4}.Release|Any CPU.ActiveCfg = Release|Any CPU
		{6159355A-C3A3-4CE9-A7E7-B1D1323F44C4}.Release|Any CPU.Build.0 = Release|Any CPU
	EndGlobalSection
	GlobalSection(SolutionProperties) = preSolution
		HideSolutionNode = FALSE
	EndGlobalSection
	GlobalSection(ExtensibilityGlobals) = postSolution
		SolutionGuid = {035BAEDB-FD0A-42EB-B6D9-DCB65F6A9383}
	EndGlobalSection
EndGlobal
